
Microsoft Visual Studio Solution File, Format Version 12.00
# Visual Studio 15
VisualStudioVersion = 15.0.27130.2036
MinimumVisualStudioVersion = 10.0.40219.1
Project("{FAE04EC0-301F-11D3-BF4B-00C04F79EFBC}") = "AD", "AD\AD.csproj", "{4CB7EBD4-B78B-4DE3-9D21-0DD3FD7ADA41}"
EndProject
Project("{FAE04EC0-301F-11D3-BF4B-00C04F79EFBC}") = "EN", "EN\EN.csproj", "{29DE1277-76CF-4F37-B16D-CD65A9FE45C6}"
EndProject
Project("{FAE04EC0-301F-11D3-BF4B-00C04F79EFBC}") = "LN", "LN\LN.csproj", "{0DAFA4C9-480C-4F7C-B399-263E481B717E}"
EndProject
Project("{FAE04EC0-301F-11D3-BF4B-00C04F79EFBC}") = "Presentacion", "Presentacion\Presentacion.csproj", "{83BAC70C-BBAD-46CD-B020-7432D845A949}"
EndProject
Global
	GlobalSection(SolutionConfigurationPlatforms) = preSolution
		Debug|Any CPU = Debug|Any CPU
		Release|Any CPU = Release|Any CPU
	EndGlobalSection
	GlobalSection(ProjectConfigurationPlatforms) = postSolution
		{4CB7EBD4-B78B-4DE3-9D21-0DD3FD7ADA41}.Debug|Any CPU.ActiveCfg = Debug|Any CPU
		{4CB7EBD4-B78B-4DE3-9D21-0DD3FD7ADA41}.Debug|Any CPU.Build.0 = Debug|Any CPU
		{4CB7EBD4-B78B-4DE3-9D21-0DD3FD7ADA41}.Release|Any CPU.ActiveCfg = Release|Any CPU
		{4CB7EBD4-B78B-4DE3-9D21-0DD3FD7ADA41}.Release|Any CPU.Build.0 = Release|Any CPU
		{29DE1277-76CF-4F37-B16D-CD65A9FE45C6}.Debug|Any CPU.ActiveCfg = Debug|Any CPU
		{29DE1277-76CF-4F37-B16D-CD65A9FE45C6}.Debug|Any CPU.Build.0 = Debug|Any CPU
		{29DE1277-76CF-4F37-B16D-CD65A9FE45C6}.Release|Any CPU.ActiveCfg = Release|Any CPU
		{29DE1277-76CF-4F37-B16D-CD65A9FE45C6}.Release|Any CPU.Build.0 = Release|Any CPU
		{0DAFA4C9-480C-4F7C-B399-263E481B717E}.Debug|Any CPU.ActiveCfg = Debug|Any CPU
		{0DAFA4C9-480C-4F7C-B399-263E481B717E}.Debug|Any CPU.Build.0 = Debug|Any CPU
		{0DAFA4C9-480C-4F7C-B399-263E481B717E}.Release|Any CPU.ActiveCfg = Release|Any CPU
		{0DAFA4C9-480C-4F7C-B399-263E481B717E}.Release|Any CPU.Build.0 = Release|Any CPU
		{83BAC70C-BBAD-46CD-B020-7432D845A949}.Debug|Any CPU.ActiveCfg = Debug|Any CPU
		{83BAC70C-BBAD-46CD-B020-7432D845A949}.Debug|Any CPU.Build.0 = Debug|Any CPU
		{83BAC70C-BBAD-46CD-B020-7432D845A949}.Release|Any CPU.ActiveCfg = Release|Any CPU
		{83BAC70C-BBAD-46CD-B020-7432D845A949}.Release|Any CPU.Build.0 = Release|Any CPU
	EndGlobalSection
	GlobalSection(SolutionProperties) = preSolution
		HideSolutionNode = FALSE
	EndGlobalSection
	GlobalSection(ExtensibilityGlobals) = postSolution
		SolutionGuid = {6C1C5270-B02E-4DCE-B22D-FF0180BE3A36}
	EndGlobalSection
EndGlobal
